
Microsoft Visual Studio Solution File, Format Version 12.00
# Visual Studio Version 17
VisualStudioVersion = 17.14.37614.0 d17.14
MinimumVisualStudioVersion = 10.0.40219.1
Project("{FAE04EC0-301F-11D3-BF4B-00C04F79EFBC}") = "Backend", "Backend\Backend.csproj", "{A1A0341D-29CA-44F4-B727-B668C520FA33}"
EndProject
Global
	GlobalSection(SolutionConfigurationPlatforms) = preSolution
		Debug|Any CPU = Debug|Any CPU
		Release|Any CPU = Release|Any CPU
	EndGlobalSection
	GlobalSection(ProjectConfigurationPlatforms) = postSolution
		{A1A0341D-29CA-44F4-B727-B668C520FA33}.Debug|Any CPU.ActiveCfg = Debug|Any CPU
		{A1A0341D-29CA-44F4-B727-B668C520FA33}.Debug|Any CPU.Build.0 = Debug|Any CPU
		{A1A0341D-29CA-44F4-B727-B668C520FA33}.Release|Any CPU.ActiveCfg = Release|Any CPU
		{A1A0341D-29CA-44F4-B727-B668C520FA33}.Release|Any CPU.Build.0 = Release|Any CPU
	EndGlobalSection
	GlobalSection(SolutionProperties) = preSolution
		HideSolutionNode = FALSE
	EndGlobalSection
	GlobalSection(ExtensibilityGlobals) = postSolution
		SolutionGuid = {E54DD9F4-A1C1-4F5B-9A50-0C95EA157F58}
	EndGlobalSection
EndGlobal
